// !$*UTF8*$!
{
	archiveVersion = 1;
	classes = {
	};
	objectVersion = 56;
	objects = {

/* Begin PBXBuildFile section */
		162A43022B9D007500ED9707 /* VisionProPlacementApp.swift in Sources */ = {isa = PBXBuildFile; fileRef = 162A43012B9D007500ED9707 /* VisionProPlacementApp.swift */; };
		162A43042B9D007500ED9707 /* ContentView.swift in Sources */ = {isa = PBXBuildFile; fileRef = 162A43032B9D007500ED9707 /* ContentView.swift */; };
		162A43062B9D007500ED9707 /* ImmersiveView.swift in Sources */ = {isa = PBXBuildFile; fileRef = 162A43052B9D007500ED9707 /* ImmersiveView.swift */; };
		162A43082B9D007500ED9707 /* ImageBasedLighting.skybox in Resources */ = {isa = PBXBuildFile; fileRef = 162A43072B9D007500ED9707 /* ImageBasedLighting.skybox */; };
		162A430A2B9D007600ED9707 /* Assets.xcassets in Resources */ = {isa = PBXBuildFile; fileRef = 162A43092B9D007600ED9707 /* Assets.xcassets */; };
		162A430D2B9D007600ED9707 /* Preview Assets.xcassets in Resources */ = {isa = PBXBuildFile; fileRef = 162A430C2B9D007600ED9707 /* Preview Assets.xcassets */; };
		162A43162B9D10ED00ED9707 /* sculpture.usdz in Resources */ = {isa = PBXBuildFile; fileRef = 162A43152B9D10ED00ED9707 /* sculpture.usdz */; };
		16D022AD2B9E3EE100C4E77C /* RotatingAssetView.swift in Sources */ = {isa = PBXBuildFile; fileRef = 16D022AC2B9E3EE100C4E77C /* RotatingAssetView.swift */; };
		16D022B32B9E513A00C4E77C /* assets.json in Resources */ = {isa = PBXBuildFile; fileRef = 16D022B22B9E513A00C4E77C /* assets.json */; };
		16D022B52B9E521F00C4E77C /* Asset.swift in Sources */ = {isa = PBXBuildFile; fileRef = 16D022B42B9E521F00C4E77C /* Asset.swift */; };
		16D022B82B9E59F200C4E77C /* AssetCardView.swift in Sources */ = {isa = PBXBuildFile; fileRef = 16D022B72B9E59F200C4E77C /* AssetCardView.swift */; };
/* End PBXBuildFile section */

/* Begin PBXFileReference section */
		162A42FA2B9D007500ED9707 /* VisionProPlacement.app */ = {isa = PBXFileReference; explicitFileType = wrapper.application; includeInIndex = 0; path = VisionProPlacement.app; sourceTree = BUILT_PRODUCTS_DIR; };
		162A43012B9D007500ED9707 /* VisionProPlacementApp.swift */ = {isa = PBXFileReference; lastKnownFileType = sourcecode.swift; path = VisionProPlacementApp.swift; sourceTree = "<group>"; };
		162A43032B9D007500ED9707 /* ContentView.swift */ = {isa = PBXFileReference; lastKnownFileType = sourcecode.swift; path = ContentView.swift; sourceTree = "<group>"; };
		162A43052B9D007500ED9707 /* ImmersiveView.swift */ = {isa = PBXFileReference; lastKnownFileType = sourcecode.swift; path = ImmersiveView.swift; sourceTree = "<group>"; };
		162A43072B9D007500ED9707 /* ImageBasedLighting.skybox */ = {isa = PBXFileReference; lastKnownFileType = file.skybox; path = ImageBasedLighting.skybox; sourceTree = "<group>"; };
		162A43092B9D007600ED9707 /* Assets.xcassets */ = {isa = PBXFileReference; lastKnownFileType = folder.assetcatalog; path = Assets.xcassets; sourceTree = "<group>"; };
		162A430C2B9D007600ED9707 /* Preview Assets.xcassets */ = {isa = PBXFileReference; lastKnownFileType = folder.assetcatalog; path = "Preview Assets.xcassets"; sourceTree = "<group>"; };
		162A430E2B9D007600ED9707 /* Info.plist */ = {isa = PBXFileReference; lastKnownFileType = text.plist.xml; path = Info.plist; sourceTree = "<group>"; };
		162A43152B9D10ED00ED9707 /* sculpture.usdz */ = {isa = PBXFileReference; lastKnownFileType = file.usdz; path = sculpture.usdz; sourceTree = "<group>"; };
		16D022AC2B9E3EE100C4E77C /* RotatingAssetView.swift */ = {isa = PBXFileReference; lastKnownFileType = sourcecode.swift; path = RotatingAssetView.swift; sourceTree = "<group>"; };
		16D022B22B9E513A00C4E77C /* assets.json */ = {isa = PBXFileReference; fileEncoding = 4; lastKnownFileType = text.json; path = assets.json; sourceTree = "<group>"; };
		16D022B42B9E521F00C4E77C /* Asset.swift */ = {isa = PBXFileReference; lastKnownFileType = sourcecode.swift; path = Asset.swift; sourceTree = "<group>"; };
		16D022B72B9E59F200C4E77C /* AssetCardView.swift */ = {isa = PBXFileReference; lastKnownFileType = sourcecode.swift; path = AssetCardView.swift; sourceTree = "<group>"; };
/* End PBXFileReference section */

/* Begin PBXFrameworksBuildPhase section */
		162A42F72B9D007500ED9707 /* Frameworks */ = {
			isa = PBXFrameworksBuildPhase;
			buildActionMask = 2147483647;
			files = (
			);
			runOnlyForDeploymentPostprocessing = 0;
		};
/* End PBXFrameworksBuildPhase section */

/* Begin PBXGroup section */
		162A42F12B9D007500ED9707 = {
			isa = PBXGroup;
			children = (
				162A42FC2B9D007500ED9707 /* VisionProPlacement */,
				162A42FD2B9D007500ED9707 /* Packages */,
				162A42FB2B9D007500ED9707 /* Products */,
			);
			sourceTree = "<group>";
		};
		162A42FB2B9D007500ED9707 /* Products */ = {
			isa = PBXGroup;
			children = (
				162A42FA2B9D007500ED9707 /* VisionProPlacement.app */,
			);
			name = Products;
			sourceTree = "<group>";
		};
		162A42FC2B9D007500ED9707 /* VisionProPlacement */ = {
			isa = PBXGroup;
			children = (
				162A43142B9D10CF00ED9707 /* Assets */,
				162A43012B9D007500ED9707 /* VisionProPlacementApp.swift */,
				162A43032B9D007500ED9707 /* ContentView.swift */,
				16D022AC2B9E3EE100C4E77C /* RotatingAssetView.swift */,
				16D022B72B9E59F200C4E77C /* AssetCardView.swift */,
				16D022B62B9E59D100C4E77C /* Model */,
				162A43052B9D007500ED9707 /* ImmersiveView.swift */,
				162A43072B9D007500ED9707 /* ImageBasedLighting.skybox */,
				162A43092B9D007600ED9707 /* Assets.xcassets */,
				162A430E2B9D007600ED9707 /* Info.plist */,
				162A430B2B9D007600ED9707 /* Preview Content */,
			);
			path = VisionProPlacement;
			sourceTree = "<group>";
		};
		162A42FD2B9D007500ED9707 /* Packages */ = {
			isa = PBXGroup;
			children = (
			);
			path = Packages;
			sourceTree = "<group>";
		};
		162A430B2B9D007600ED9707 /* Preview Content */ = {
			isa = PBXGroup;
			children = (
				162A430C2B9D007600ED9707 /* Preview Assets.xcassets */,
			);
			path = "Preview Content";
			sourceTree = "<group>";
		};
		162A43142B9D10CF00ED9707 /* Assets */ = {
			isa = PBXGroup;
			children = (
				162A43152B9D10ED00ED9707 /* sculpture.usdz */,
			);
			path = Assets;
			sourceTree = "<group>";
		};
		16D022B62B9E59D100C4E77C /* Model */ = {
			isa = PBXGroup;
			children = (
				16D022B42B9E521F00C4E77C /* Asset.swift */,
				16D022B22B9E513A00C4E77C /* assets.json */,
			);
			path = Model;
			sourceTree = "<group>";
		};
/* End PBXGroup section */

/* Begin PBXNativeTarget section */
		162A42F92B9D007500ED9707 /* VisionProPlacement */ = {
			isa = PBXNativeTarget;
			buildConfigurationList = 162A43112B9D007600ED9707 /* Build configuration list for PBXNativeTarget "VisionProPlacement" */;
			buildPhases = (
				162A42F62B9D007500ED9707 /* Sources */,
				162A42F72B9D007500ED9707 /* Frameworks */,
				162A42F82B9D007500ED9707 /* Resources */,
			);
			buildRules = (
			);
			dependencies = (
			);
			name = VisionProPlacement;
			packageProductDependencies = (
			);
			productName = VisionProPlacement;
			productReference = 162A42FA2B9D007500ED9707 /* VisionProPlacement.app */;
			productType = "com.apple.product-type.application";
		};
/* End PBXNativeTarget section */

/* Begin PBXProject section */
		162A42F22B9D007500ED9707 /* Project object */ = {
			isa = PBXProject;
			attributes = {
				BuildIndependentTargetsInParallel = 1;
				LastSwiftUpdateCheck = 1530;
				LastUpgradeCheck = 1530;
				TargetAttributes = {
					162A42F92B9D007500ED9707 = {
						CreatedOnToolsVersion = 15.3;
					};
				};
			};
			buildConfigurationList = 162A42F52B9D007500ED9707 /* Build configuration list for PBXProject "VisionProPlacement" */;
			compatibilityVersion = "Xcode 14.0";
			developmentRegion = en;
			hasScannedForEncodings = 0;
			knownRegions = (
				en,
				Base,
			);
			mainGroup = 162A42F12B9D007500ED9707;
			productRefGroup = 162A42FB2B9D007500ED9707 /* Products */;
			projectDirPath = "";
			projectRoot = "";
			targets = (
				162A42F92B9D007500ED9707 /* VisionProPlacement */,
			);
		};
/* End PBXProject section */

/* Begin PBXResourcesBuildPhase section */
		162A42F82B9D007500ED9707 /* Resources */ = {
			isa = PBXResourcesBuildPhase;
			buildActionMask = 2147483647;
			files = (
				162A430A2B9D007600ED9707 /* Assets.xcassets in Resources */,
				162A430D2B9D007600ED9707 /* Preview Assets.xcassets in Resources */,
				162A43082B9D007500ED9707 /* ImageBasedLighting.skybox in Resources */,
				162A43162B9D10ED00ED9707 /* sculpture.usdz in Resources */,
				16D022B32B9E513A00C4E77C /* assets.json in Resources */,
			);
			runOnlyForDeploymentPostprocessing = 0;
		};
/* End PBXResourcesBuildPhase section */

/* Begin PBXSourcesBuildPhase section */
		162A42F62B9D007500ED9707 /* Sources */ = {
			isa = PBXSourcesBuildPhase;
			buildActionMask = 2147483647;
			files = (
				16D022AD2B9E3EE100C4E77C /* RotatingAssetView.swift in Sources */,
				162A43042B9D007500ED9707 /* ContentView.swift in Sources */,
				16D022B52B9E521F00C4E77C /* Asset.swift in Sources */,
				162A43022B9D007500ED9707 /* VisionProPlacementApp.swift in Sources */,
				162A43062B9D007500ED9707 /* ImmersiveView.swift in Sources */,
				16D022B82B9E59F200C4E77C /* AssetCardView.swift in Sources */,
			);
			runOnlyForDeploymentPostprocessing = 0;
		};
/* End PBXSourcesBuildPhase section */

/* Begin XCBuildConfiguration section */
		162A430F2B9D007600ED9707 /* Debug */ = {
			isa = XCBuildConfiguration;
			buildSettings = {
				ALWAYS_SEARCH_USER_PATHS = NO;
				ASSETCATALOG_COMPILER_GENERATE_SWIFT_ASSET_SYMBOL_EXTENSIONS = YES;
				CLANG_ANALYZER_NONNULL = YES;
				CLANG_ANALYZER_NUMBER_OBJECT_CONVERSION = YES_AGGRESSIVE;
				CLANG_CXX_LANGUAGE_STANDARD = "gnu++20";
				CLANG_ENABLE_MODULES = YES;
				CLANG_ENABLE_OBJC_ARC = YES;
				CLANG_ENABLE_OBJC_WEAK = YES;
				CLANG_WARN_BLOCK_CAPTURE_AUTORELEASING = YES;
				CLANG_WARN_BOOL_CONVERSION = YES;
				CLANG_WARN_COMMA = YES;
				CLANG_WARN_CONSTANT_CONVERSION = YES;
				CLANG_WARN_DEPRECATED_OBJC_IMPLEMENTATIONS = YES;
				CLANG_WARN_DIRECT_OBJC_ISA_USAGE = YES_ERROR;
				CLANG_WARN_DOCUMENTATION_COMMENTS = YES;
				CLANG_WARN_EMPTY_BODY = YES;
				CLANG_WARN_ENUM_CONVERSION = YES;
				CLANG_WARN_INFINITE_RECURSION = YES;
				CLANG_WARN_INT_CONVERSION = YES;
				CLANG_WARN_NON_LITERAL_NULL_CONVERSION = YES;
				CLANG_WARN_OBJC_IMPLICIT_RETAIN_SELF = YES;
				CLANG_WARN_OBJC_LITERAL_CONVERSION = YES;
				CLANG_WARN_OBJC_ROOT_CLASS = YES_ERROR;
				CLANG_WARN_QUOTED_INCLUDE_IN_FRAMEWORK_HEADER = YES;
				CLANG_WARN_RANGE_LOOP_ANALYSIS = YES;
				CLANG_WARN_STRICT_PROTOTYPES = YES;
				CLANG_WARN_SUSPICIOUS_MOVE = YES;
				CLANG_WARN_UNGUARDED_AVAILABILITY = YES_AGGRESSIVE;
				CLANG_WARN_UNREACHABLE_CODE = YES;
				CLANG_WARN__DUPLICATE_METHOD_MATCH = YES;
				COPY_PHASE_STRIP = NO;
				DEBUG_INFORMATION_FORMAT = dwarf;
				ENABLE_STRICT_OBJC_MSGSEND = YES;
				ENABLE_TESTABILITY = YES;
				ENABLE_USER_SCRIPT_SANDBOXING = YES;
				GCC_C_LANGUAGE_STANDARD = gnu17;
				GCC_DYNAMIC_NO_PIC = NO;
				GCC_NO_COMMON_BLOCKS = YES;
				GCC_OPTIMIZATION_LEVEL = 0;
				GCC_PREPROCESSOR_DEFINITIONS = (
					"DEBUG=1",
					"$(inherited)",
				);
				GCC_WARN_64_TO_32_BIT_CONVERSION = YES;
				GCC_WARN_ABOUT_RETURN_TYPE = YES_ERROR;
				GCC_WARN_UNDECLARED_SELECTOR = YES;
				GCC_WARN_UNINITIALIZED_AUTOS = YES_AGGRESSIVE;
				GCC_WARN_UNUSED_FUNCTION = YES;
				GCC_WARN_UNUSED_VARIABLE = YES;
				LOCALIZATION_PREFERS_STRING_CATALOGS = YES;
				MTL_ENABLE_DEBUG_INFO = INCLUDE_SOURCE;
				MTL_FAST_MATH = YES;
				ONLY_ACTIVE_ARCH = YES;
				SDKROOT = xros;
				SWIFT_ACTIVE_COMPILATION_CONDITIONS = "DEBUG $(inherited)";
				SWIFT_OPTIMIZATION_LEVEL = "-Onone";
				XROS_DEPLOYMENT_TARGET = 1.1;
			};
			name = Debug;
		};
		162A43102B9D007600ED9707 /* Release */ = {
			isa = XCBuildConfiguration;
			buildSettings = {
				ALWAYS_SEARCH_USER_PATHS = NO;
				ASSETCATALOG_COMPILER_GENERATE_SWIFT_ASSET_SYMBOL_EXTENSIONS = YES;
				CLANG_ANALYZER_NONNULL = YES;
				CLANG_ANALYZER_NUMBER_OBJECT_CONVERSION = YES_AGGRESSIVE;
				CLANG_CXX_LANGUAGE_STANDARD = "gnu++20";
				CLANG_ENABLE_MODULES = YES;
				CLANG_ENABLE_OBJC_ARC = YES;
				CLANG_ENABLE_OBJC_WEAK = YES;
				CLANG_WARN_BLOCK_CAPTURE_AUTORELEASING = YES;
				CLANG_WARN_BOOL_CONVERSION = YES;
				CLANG_WARN_COMMA = YES;
				CLANG_WARN_CONSTANT_CONVERSION = YES;
				CLANG_WARN_DEPRECATED_OBJC_IMPLEMENTATIONS = YES;
				CLANG_WARN_DIRECT_OBJC_ISA_USAGE = YES_ERROR;
				CLANG_WARN_DOCUMENTATION_COMMENTS = YES;
				CLANG_WARN_EMPTY_BODY = YES;
				CLANG_WARN_ENUM_CONVERSION = YES;
				CLANG_WARN_INFINITE_RECURSION = YES;
				CLANG_WARN_INT_CONVERSION = YES;
				CLANG_WARN_NON_LITERAL_NULL_CONVERSION = YES;
				CLANG_WARN_OBJC_IMPLICIT_RETAIN_SELF = YES;
				CLANG_WARN_OBJC_LITERAL_CONVERSION = YES;
				CLANG_WARN_OBJC_ROOT_CLASS = YES_ERROR;
				CLANG_WARN_QUOTED_INCLUDE_IN_FRAMEWORK_HEADER = YES;
				CLANG_WARN_RANGE_LOOP_ANALYSIS = YES;
				CLANG_WARN_STRICT_PROTOTYPES = YES;
				CLANG_WARN_SUSPICIOUS_MOVE = YES;
				CLANG_WARN_UNGUARDED_AVAILABILITY = YES_AGGRESSIVE;
				CLANG_WARN_UNREACHABLE_CODE = YES;
				CLANG_WARN__DUPLICATE_METHOD_MATCH = YES;
				COPY_PHASE_STRIP = NO;
				DEBUG_INFORMATION_FORMAT = "dwarf-with-dsym";
				ENABLE_NS_ASSERTIONS = NO;
				ENABLE_STRICT_OBJC_MSGSEND = YES;
				ENABLE_USER_SCRIPT_SANDBOXING = YES;
				GCC_C_LANGUAGE_STANDARD = gnu17;
				GCC_NO_COMMON_BLOCKS = YES;
				GCC_WARN_64_TO_32_BIT_CONVERSION = YES;
				GCC_WARN_ABOUT_RETURN_TYPE = YES_ERROR;
				GCC_WARN_UNDECLARED_SELECTOR = YES;
				GCC_WARN_UNINITIALIZED_AUTOS = YES_AGGRESSIVE;
				GCC_WARN_UNUSED_FUNCTION = YES;
				GCC_WARN_UNUSED_VARIABLE = YES;
				LOCALIZATION_PREFERS_STRING_CATALOGS = YES;
				MTL_ENABLE_DEBUG_INFO = NO;
				MTL_FAST_MATH = YES;
				SDKROOT = xros;
				SWIFT_COMPILATION_MODE = wholemodule;
				VALIDATE_PRODUCT = YES;
				XROS_DEPLOYMENT_TARGET = 1.1;
			};
			name = Release;
		};
		162A43122B9D007600ED9707 /* Debug */ = {
			isa = XCBuildConfiguration;
			buildSettings = {
				ASSETCATALOG_COMPILER_APPICON_NAME = AppIcon;
				ASSETCATALOG_COMPILER_GLOBAL_ACCENT_COLOR_NAME = AccentColor;
				CODE_SIGN_STYLE = Automatic;
				CURRENT_PROJECT_VERSION = 1;
				DEVELOPMENT_ASSET_PATHS = "\"VisionProPlacement/Preview Content\"";
				DEVELOPMENT_TEAM = 8X4DYCSP4Z;
				ENABLE_PREVIEWS = YES;
				GENERATE_INFOPLIST_FILE = YES;
				INFOPLIST_FILE = "$(TARGET_NAME)/Info.plist";
				LD_RUNPATH_SEARCH_PATHS = (
					"$(inherited)",
					"@executable_path/Frameworks",
				);
				MARKETING_VERSION = 1.0;
				PRODUCT_BUNDLE_IDENTIFIER = com.SushiGrass.VisionProPlacement;
				PRODUCT_NAME = "$(TARGET_NAME)";
				SUPPORTED_PLATFORMS = "xros xrsimulator";
				SWIFT_EMIT_LOC_STRINGS = YES;
				SWIFT_VERSION = 5.0;
				TARGETED_DEVICE_FAMILY = "1,2,7";
			};
			name = Debug;
		};
		162A43132B9D007600ED9707 /* Release */ = {
			isa = XCBuildConfiguration;
			buildSettings = {
				ASSETCATALOG_COMPILER_APPICON_NAME = AppIcon;
				ASSETCATALOG_COMPILER_GLOBAL_ACCENT_COLOR_NAME = AccentColor;
				CODE_SIGN_STYLE = Automatic;
				CURRENT_PROJECT_VERSION = 1;
				DEVELOPMENT_ASSET_PATHS = "\"VisionProPlacement/Preview Content\"";
				DEVELOPMENT_TEAM = 8X4DYCSP4Z;
				ENABLE_PREVIEWS = YES;
				GENERATE_INFOPLIST_FILE = YES;
				INFOPLIST_FILE = "$(TARGET_NAME)/Info.plist";
				LD_RUNPATH_SEARCH_PATHS = (
					"$(inherited)",
					"@executable_path/Frameworks",
				);
				MARKETING_VERSION = 1.0;
				PRODUCT_BUNDLE_IDENTIFIER = com.SushiGrass.VisionProPlacement;
				PRODUCT_NAME = "$(TARGET_NAME)";
				SUPPORTED_PLATFORMS = "xros xrsimulator";
				SWIFT_EMIT_LOC_STRINGS = YES;
				SWIFT_VERSION = 5.0;
				TARGETED_DEVICE_FAMILY = "1,2,7";
			};
			name = Release;
		};
/* End XCBuildConfiguration section */

/* Begin XCConfigurationList section */
		162A42F52B9D007500ED9707 /* Build configuration list for PBXProject "VisionProPlacement" */ = {
			isa = XCConfigurationList;
			buildConfigurations = (
				162A430F2B9D007600ED9707 /* Debug */,
				162A43102B9D007600ED9707 /* Release */,
			);
			defaultConfigurationIsVisible = 0;
			defaultConfigurationName = Release;
		};
		162A43112B9D007600ED9707 /* Build configuration list for PBXNativeTarget "VisionProPlacement" */ = {
			isa = XCConfigurationList;
			buildConfigurations = (
				162A43122B9D007600ED9707 /* Debug */,
				162A43132B9D007600ED9707 /* Release */,
			);
			defaultConfigurationIsVisible = 0;
			defaultConfigurationName = Release;
		};
/* End XCConfigurationList section */
	};
	rootObject = 162A42F22B9D007500ED9707 /* Project object */;
}
